github.com/workturnedplay/wincoe v0.0.4 h1:QFEdqx8bRy7RxyJtF210kSpXORU5dRSK3w8VqTaetd4=
github.com/workturnedplay/wincoe v0.0.4/go.mod h1:aYqHrFVkYrviqVjdBdq45KcE9ZW38ahDG2tj+lg1kw4=
golang.org/x/sys v0.42.0 h1:omrd2nAlyT5ESRdCLYdm3+fMfNFE/+Rf4bDIQImRJeo=
golang.org/x/sys v0.42.0/go.mod h1:4GL1E5IUh+htKOUEOaiffhrAeqysfVGipDYzABqnCmw=
